
Microsoft Visual Studio Solution File, Format Version 12.00
# Visual Studio Version 16
VisualStudioVersion = 16.0.29102.190
MinimumVisualStudioVersion = 10.0.40219.1
Project("{FAE04EC0-301F-11D3-BF4B-00C04F79EFBC}") = "BackgroundApplication1", "BackgroundApplication1\BackgroundApplication1.csproj", "{CAA9A28A-6E32-4F66-B513-7DE61F79E5BA}"
EndProject
Global
	GlobalSection(SolutionConfigurationPlatforms) = preSolution
		Debug|ARM = Debug|ARM
		Debug|x64 = Debug|x64
		Debug|x86 = Debug|x86
		Release|ARM = Release|ARM
		Release|x64 = Release|x64
		Release|x86 = Release|x86
	EndGlobalSection
	GlobalSection(ProjectConfigurationPlatforms) = postSolution
		{CAA9A28A-6E32-4F66-B513-7DE61F79E5BA}.Debug|ARM.ActiveCfg = Debug|ARM
		{CAA9A28A-6E32-4F66-B513-7DE61F79E5BA}.Debug|ARM.Build.0 = Debug|ARM
		{CAA9A28A-6E32-4F66-B513-7DE61F79E5BA}.Debug|ARM.Deploy.0 = Debug|ARM
		{CAA9A28A-6E32-4F66-B513-7DE61F79E5BA}.Debug|x64.ActiveCfg = Debug|x64
		{CAA9A28A-6E32-4F66-B513-7DE61F79E5BA}.Debug|x64.Build.0 = Debug|x64
		{CAA9A28A-6E32-4F66-B513-7DE61F79E5BA}.Debug|x64.Deploy.0 = Debug|x64
		{CAA9A28A-6E32-4F66-B513-7DE61F79E5BA}.Debug|x86.ActiveCfg = Debug|x86
		{CAA9A28A-6E32-4F66-B513-7DE61F79E5BA}.Debug|x86.Build.0 = Debug|x86
		{CAA9A28A-6E32-4F66-B513-7DE61F79E5BA}.Debug|x86.Deploy.0 = Debug|x86
		{CAA9A28A-6E32-4F66-B513-7DE61F79E5BA}.Release|ARM.ActiveCfg = Release|ARM
		{CAA9A28A-6E32-4F66-B513-7DE61F79E5BA}.Release|ARM.Build.0 = Release|ARM
		{CAA9A28A-6E32-4F66-B513-7DE61F79E5BA}.Release|ARM.Deploy.0 = Release|ARM
		{CAA9A28A-6E32-4F66-B513-7DE61F79E5BA}.Release|x64.ActiveCfg = Release|x64
		{CAA9A28A-6E32-4F66-B513-7DE61F79E5BA}.Release|x64.Build.0 = Release|x64
		{CAA9A28A-6E32-4F66-B513-7DE61F79E5BA}.Release|x64.Deploy.0 = Release|x64
		{CAA9A28A-6E32-4F66-B513-7DE61F79E5BA}.Release|x86.ActiveCfg = Release|x86
		{CAA9A28A-6E32-4F66-B513-7DE61F79E5BA}.Release|x86.Build.0 = Release|x86
		{CAA9A28A-6E32-4F66-B513-7DE61F79E5BA}.Release|x86.Deploy.0 = Release|x86
	EndGlobalSection
	GlobalSection(SolutionProperties) = preSolution
		HideSolutionNode = FALSE
	EndGlobalSection
	GlobalSection(ExtensibilityGlobals) = postSolution
		SolutionGuid = {63AFA62A-86A2-4AA0-AB53-423AB14E4026}
	EndGlobalSection
EndGlobal
